
Microsoft Visual Studio Solution File, Format Version 12.00
# Visual Studio Version 16
VisualStudioVersion = 16.0.30803.129
MinimumVisualStudioVersion = 10.0.40219.1
Project("{9A19103F-16F7-4668-BE54-9A1E7A4F7556}") = "WfpBotConsole", "WfpBotConsole\WfpBotConsole.csproj", "{B5B642C2-9FBD-4A52-93E3-771C739A5E1A}"
EndProject
Project("{9A19103F-16F7-4668-BE54-9A1E7A4F7556}") = "WfpBotConsole.Resources", "WfpBotConsole.Resources\WfpBotConsole.Resources.csproj", "{DDC5B6F5-4C18-45B9-AE6F-BFB6AD24EB54}"
EndProject
Project("{FAE04EC0-301F-11D3-BF4B-00C04F79EFBC}") = "WfpBotConsole.Core", "WfpBotConsole.Core\WfpBotConsole.Core.csproj", "{15DD743B-EC64-40B2-B992-5AA65097EBC6}"
EndProject
Global
	GlobalSection(SolutionConfigurationPlatforms) = preSolution
		Debug|Any CPU = Debug|Any CPU
		Release|Any CPU = Release|Any CPU
	EndGlobalSection
	GlobalSection(ProjectConfigurationPlatforms) = postSolution
		{B5B642C2-9FBD-4A52-93E3-771C739A5E1A}.Debug|Any CPU.ActiveCfg = Debug|Any CPU
		{B5B642C2-9FBD-4A52-93E3-771C739A5E1A}.Debug|Any CPU.Build.0 = Debug|Any CPU
		{B5B642C2-9FBD-4A52-93E3-771C739A5E1A}.Release|Any CPU.ActiveCfg = Release|Any CPU
		{B5B642C2-9FBD-4A52-93E3-771C739A5E1A}.Release|Any CPU.Build.0 = Release|Any CPU
		{DDC5B6F5-4C18-45B9-AE6F-BFB6AD24EB54}.Debug|Any CPU.ActiveCfg = Debug|Any CPU
		{DDC5B6F5-4C18-45B9-AE6F-BFB6AD24EB54}.Debug|Any CPU.Build.0 = Debug|Any CPU
		{DDC5B6F5-4C18-45B9-AE6F-BFB6AD24EB54}.Release|Any CPU.ActiveCfg = Release|Any CPU
		{DDC5B6F5-4C18-45B9-AE6F-BFB6AD24EB54}.Release|Any CPU.Build.0 = Release|Any CPU
		{15DD743B-EC64-40B2-B992-5AA65097EBC6}.Debug|Any CPU.ActiveCfg = Debug|Any CPU
		{15DD743B-EC64-40B2-B992-5AA65097EBC6}.Debug|Any CPU.Build.0 = Debug|Any CPU
		{15DD743B-EC64-40B2-B992-5AA65097EBC6}.Release|Any CPU.ActiveCfg = Release|Any CPU
		{15DD743B-EC64-40B2-B992-5AA65097EBC6}.Release|Any CPU.Build.0 = Release|Any CPU
	EndGlobalSection
	GlobalSection(SolutionProperties) = preSolution
		HideSolutionNode = FALSE
	EndGlobalSection
	GlobalSection(ExtensibilityGlobals) = postSolution
		SolutionGuid = {661AAA59-0BFC-43C3-9A63-1F91F99FA184}
	EndGlobalSection
EndGlobal
